{
  "name": "@rgrannell1/utils",
  "version": "1.0.0",
  "lockfileVersion": 1,
  "requires": true,
  "dependencies": {
    "ansi-regex": {
      "version": "2.1.1",
      "resolved": "https://registry.npmjs.org/ansi-regex/-/ansi-regex-2.1.1.tgz",
      "integrity": "sha1-w7M6te42DYbg5ijwRorn7yfWVN8=",
      "dev": true
    },
    "neodoc": {
      "version": "1.4.0",
      "resolved": "https://registry.npmjs.org/neodoc/-/neodoc-1.4.0.tgz",
      "integrity": "sha1-Uwyph33gcp/9XWQg+1KxBPCIjQU=",
      "dev": true,
      "requires": {
        "ansi-regex": "2.1.1"
      }
    }
  }
}
