{
  "name": "@rgrannell1/utils",
  "version": "1.0.0",
  "lockfileVersion": 1,
  "requires": true,
  "dependencies": {
    "@rgrannell/markdown": {
      "version": "5.0.0",
      "resolved": "https://registry.npmjs.org/@rgrannell/markdown/-/markdown-5.0.0.tgz",
      "integrity": "sha512-Xt4TrrRChocWM3rRgGhyY6SEZeiFaky/9jzcWHkY/t4QXBNTBU9+/2mTMZsK9ejMNqxlA5AUENVr/ZhhGPMbzQ=="
    },
    "acorn": {
      "version": "5.6.2",
      "resolved": "https://registry.npmjs.org/acorn/-/acorn-5.6.2.tgz",
      "integrity": "sha512-zUzo1E5dI2Ey8+82egfnttyMlMZ2y0D8xOCO3PNPPlYXpl8NZvF6Qk9L9BEtJs+43FqEmfBViDqc5d1ckRDguw=="
    },
    "esprima-fb": {
      "version": "15001.1001.0-dev-harmony-fb",
      "resolved": "https://registry.npmjs.org/esprima-fb/-/esprima-fb-15001.1001.0-dev-harmony-fb.tgz",
      "integrity": "sha1-Q761fsJujPI3092LM+QlM1d/Jlk="
    }
  }
}
