# THIS IS AN AUTOGENERATED FILE. DO NOT EDIT THIS FILE DIRECTLY.
# yarn lockfile v1


"@rgrannell/markdown@^5.0.0":
  version "5.0.0"
  resolved "https://registry.yarnpkg.com/@rgrannell/markdown/-/markdown-5.0.0.tgz#6184bb6996b1650a354b435e63e4a48d9b5b3f76"

esprima@^4.0.0:
  version "4.0.0"
  resolved "https://registry.yarnpkg.com/esprima/-/esprima-4.0.0.tgz#4499eddcd1110e0b218bacf2fa7f7f59f55ca804"
