{
  "name": "@rgrannell/readme",
  "version": "8.1.0-alpha.687ac587",
  "lockfileVersion": 1,
  "requires": true,
  "dependencies": {
    "@rgrannell/markdown": {
      "version": "8.1.0-alpha.7b75fd16",
      "resolved": "https://registry.npmjs.org/@rgrannell/markdown/-/markdown-8.1.0-alpha.7b75fd16.tgz",
      "integrity": "sha512-aODklXudgbMTEcPxdLk941ZuJXQ2BhHZevyLqmPqofJAjFo09uSfs3ZET3SlWow9+1fvQFMvFSNynB5X2ZSHvw=="
    }
  }
}
