{
  "name": "@rgrannell/pulp",
  "version": "8.1.0-alpha.687ac587",
  "lockfileVersion": 1,
  "requires": true,
  "dependencies": {
    "ansi-regex": {
      "version": "2.1.1",
      "resolved": "https://registry.npmjs.org/ansi-regex/-/ansi-regex-2.1.1.tgz",
      "integrity": "sha1-w7M6te42DYbg5ijwRorn7yfWVN8="
    },
    "neodoc": {
      "version": "2.0.0",
      "resolved": "https://registry.npmjs.org/neodoc/-/neodoc-2.0.0.tgz",
      "integrity": "sha512-jnFsE8vHuE7rTrGT+uJMTr3pXLzLQXXillfvPWWlY8ucCCnncsrI4p9rE2+j/b6CDiIF+YEnxf1wwIdksK8cWA==",
      "requires": {
        "ansi-regex": "^2.0.0"
      }
    }
  }
}
