# THIS IS AN AUTOGENERATED FILE. DO NOT EDIT THIS FILE DIRECTLY.
# yarn lockfile v1


ansi-regex@^2.0.0:
  version "2.1.1"
  resolved "https://registry.yarnpkg.com/ansi-regex/-/ansi-regex-2.1.1.tgz#c3b33ab5ee360d86e0e628f0468ae7ef27d654df"

neodoc@^2.0.2:
  version "2.0.2"
  resolved "https://registry.yarnpkg.com/neodoc/-/neodoc-2.0.2.tgz#ad00b30b9758379dcd3cf752a0659bacbab2c4fb"
  dependencies:
    ansi-regex "^2.0.0"
