{
  "name": "@rgrannell/set",
  "version": "8.1.0-alpha.687ac587",
  "lockfileVersion": 1,
  "requires": true,
  "dependencies": {
    "@rgrannell/testing": {
      "version": "file:../testing",
      "requires": {
        "@rgrannell/chain": "^8.0.0",
        "chai": "^4.1.2",
        "sinon": "^6.1.4",
        "yamljs": "^0.3.0"
      },
      "dependencies": {
        "@rgrannell/chain": {
          "version": "8.0.0",
          "bundled": true,
          "requires": {
            "chai": "^4.1.2"
          }
        },
        "@sinonjs/formatio": {
          "version": "2.0.0",
          "bundled": true,
          "requires": {
            "samsam": "1.3.0"
          }
        },
        "@sinonjs/samsam": {
          "version": "2.0.0",
          "bundled": true
        },
        "argparse": {
          "version": "1.0.10",
          "bundled": true,
          "requires": {
            "sprintf-js": "~1.0.2"
          }
        },
        "assertion-error": {
          "version": "1.1.0",
          "bundled": true
        },
        "balanced-match": {
          "version": "1.0.0",
          "bundled": true
        },
        "brace-expansion": {
          "version": "1.1.11",
          "bundled": true,
          "requires": {
            "balanced-match": "^1.0.0",
            "concat-map": "0.0.1"
          }
        },
        "chai": {
          "version": "4.1.2",
          "bundled": true,
          "requires": {
            "assertion-error": "^1.0.1",
            "check-error": "^1.0.1",
            "deep-eql": "^3.0.0",
            "get-func-name": "^2.0.0",
            "pathval": "^1.0.0",
            "type-detect": "^4.0.0"
          }
        },
        "check-error": {
          "version": "1.0.2",
          "bundled": true
        },
        "concat-map": {
          "version": "0.0.1",
          "bundled": true
        },
        "deep-eql": {
          "version": "3.0.1",
          "bundled": true,
          "requires": {
            "type-detect": "^4.0.0"
          }
        },
        "diff": {
          "version": "3.5.0",
          "bundled": true
        },
        "fs.realpath": {
          "version": "1.0.0",
          "bundled": true
        },
        "get-func-name": {
          "version": "2.0.0",
          "bundled": true
        },
        "glob": {
          "version": "7.1.2",
          "bundled": true,
          "requires": {
            "fs.realpath": "^1.0.0",
            "inflight": "^1.0.4",
            "inherits": "2",
            "minimatch": "^3.0.4",
            "once": "^1.3.0",
            "path-is-absolute": "^1.0.0"
          }
        },
        "has-flag": {
          "version": "3.0.0",
          "bundled": true
        },
        "inflight": {
          "version": "1.0.6",
          "bundled": true,
          "requires": {
            "once": "^1.3.0",
            "wrappy": "1"
          }
        },
        "inherits": {
          "version": "2.0.3",
          "bundled": true
        },
        "isarray": {
          "version": "0.0.1",
          "bundled": true
        },
        "just-extend": {
          "version": "1.1.27",
          "bundled": true
        },
        "lodash.get": {
          "version": "4.4.2",
          "bundled": true
        },
        "lolex": {
          "version": "2.7.1",
          "bundled": true
        },
        "minimatch": {
          "version": "3.0.4",
          "bundled": true,
          "requires": {
            "brace-expansion": "^1.1.7"
          }
        },
        "nise": {
          "version": "1.4.2",
          "bundled": true,
          "requires": {
            "@sinonjs/formatio": "^2.0.0",
            "just-extend": "^1.1.27",
            "lolex": "^2.3.2",
            "path-to-regexp": "^1.7.0",
            "text-encoding": "^0.6.4"
          }
        },
        "once": {
          "version": "1.4.0",
          "bundled": true,
          "requires": {
            "wrappy": "1"
          }
        },
        "path-is-absolute": {
          "version": "1.0.1",
          "bundled": true
        },
        "path-to-regexp": {
          "version": "1.7.0",
          "bundled": true,
          "requires": {
            "isarray": "0.0.1"
          }
        },
        "pathval": {
          "version": "1.1.0",
          "bundled": true
        },
        "samsam": {
          "version": "1.3.0",
          "bundled": true
        },
        "sinon": {
          "version": "6.1.4",
          "bundled": true,
          "requires": {
            "@sinonjs/formatio": "^2.0.0",
            "@sinonjs/samsam": "^2.0.0",
            "diff": "^3.5.0",
            "lodash.get": "^4.4.2",
            "lolex": "^2.7.1",
            "nise": "^1.4.2",
            "supports-color": "^5.4.0",
            "type-detect": "^4.0.8"
          }
        },
        "sprintf-js": {
          "version": "1.0.3",
          "bundled": true
        },
        "supports-color": {
          "version": "5.4.0",
          "bundled": true,
          "requires": {
            "has-flag": "^3.0.0"
          }
        },
        "text-encoding": {
          "version": "0.6.4",
          "bundled": true
        },
        "type-detect": {
          "version": "4.0.8",
          "bundled": true
        },
        "wrappy": {
          "version": "1.0.2",
          "bundled": true
        },
        "yamljs": {
          "version": "0.3.0",
          "bundled": true,
          "requires": {
            "argparse": "^1.0.7",
            "glob": "^7.0.5"
          }
        }
      }
    }
  }
}
