{
  "name": "@rgrannell/ebnf",
  "version": "8.1.0-alpha.687ac587",
  "lockfileVersion": 1,
  "requires": true,
  "dependencies": {
    "@rgrannell/array": {
      "version": "8.1.0-alpha.7b75fd16",
      "resolved": "https://registry.npmjs.org/@rgrannell/array/-/array-8.1.0-alpha.7b75fd16.tgz",
      "integrity": "sha512-Z4aKckDyAa4RS17ZLO4l9kwfwws5ta9CTgYfzio2vrXHC6/LN6mU/cMGwkEGT95ND1yh5ia0qw5qpdbqYUOMjA==",
      "requires": {
        "chai": "^4.1.2"
      }
    },
    "@rgrannell/chain": {
      "version": "8.1.0-alpha.7b75fd16",
      "resolved": "https://registry.npmjs.org/@rgrannell/chain/-/chain-8.1.0-alpha.7b75fd16.tgz",
      "integrity": "sha512-S0urXuGqeA3/2qYH6bJiY0oZLF0gKNDL3b+0Iz2bcBGTFbh4LDH/HSahxN/FHOdJVqXKxt0aZbCfri9PeDIggA==",
      "requires": {
        "chai": "^4.1.2"
      }
    },
    "@rgrannell/fp": {
      "version": "8.1.0-alpha.7b75fd16",
      "resolved": "https://registry.npmjs.org/@rgrannell/fp/-/fp-8.1.0-alpha.7b75fd16.tgz",
      "integrity": "sha512-YJYNdiMeRtrkYtLnLZL8sWMh9TIhXx1CN4iM2QpyKCVh0dKzZBSIw9dEIR48H0GnAECqsGh4D11LPWFrbD85YQ=="
    },
    "@rgrannell/generator": {
      "version": "8.1.0-alpha.7b75fd16",
      "resolved": "https://registry.npmjs.org/@rgrannell/generator/-/generator-8.1.0-alpha.7b75fd16.tgz",
      "integrity": "sha512-KhpPerN8lHZFmo3G5sMN8YvqUBKeQa9+oKZp0kswggpKr1b/x9NZcqZVY4J9dHIY3Y80WUcKrRzKzt78xPlPBw=="
    },
    "@rgrannell/object": {
      "version": "8.1.0-alpha.7b75fd16",
      "resolved": "https://registry.npmjs.org/@rgrannell/object/-/object-8.1.0-alpha.7b75fd16.tgz",
      "integrity": "sha512-sLHD7hnHFzzfRmgdO1LCazJm8qpaymN6FQLwdr75aqrxEbrhFqvfzK2iGWCxdoGCO7lQ0nKHEG2C4/Ngyo7i9g=="
    },
    "assertion-error": {
      "version": "1.1.0",
      "resolved": "https://registry.npmjs.org/assertion-error/-/assertion-error-1.1.0.tgz",
      "integrity": "sha512-jgsaNduz+ndvGyFt3uSuWqvy4lCnIJiovtouQN5JZHOKCS2QuhEdbcQHFhVksz2N2U9hXJo8odG7ETyWlEeuDw=="
    },
    "chai": {
      "version": "4.1.2",
      "resolved": "https://registry.npmjs.org/chai/-/chai-4.1.2.tgz",
      "integrity": "sha1-D2RYS6ZC8PKs4oBiefTwbKI61zw=",
      "requires": {
        "assertion-error": "^1.0.1",
        "check-error": "^1.0.1",
        "deep-eql": "^3.0.0",
        "get-func-name": "^2.0.0",
        "pathval": "^1.0.0",
        "type-detect": "^4.0.0"
      }
    },
    "check-error": {
      "version": "1.0.2",
      "resolved": "https://registry.npmjs.org/check-error/-/check-error-1.0.2.tgz",
      "integrity": "sha1-V00xLt2Iu13YkS6Sht1sCu1KrII="
    },
    "deep-eql": {
      "version": "3.0.1",
      "resolved": "https://registry.npmjs.org/deep-eql/-/deep-eql-3.0.1.tgz",
      "integrity": "sha512-+QeIQyN5ZuO+3Uk5DYh6/1eKO0m0YmJFGNmFHGACpf1ClL1nmlV/p4gNgbl2pJGxgXb4faqo6UE+M5ACEMyVcw==",
      "requires": {
        "type-detect": "^4.0.0"
      }
    },
    "get-func-name": {
      "version": "2.0.0",
      "resolved": "https://registry.npmjs.org/get-func-name/-/get-func-name-2.0.0.tgz",
      "integrity": "sha1-6td0q+5y4gQJQzoGY2YCPdaIekE="
    },
    "pathval": {
      "version": "1.1.0",
      "resolved": "https://registry.npmjs.org/pathval/-/pathval-1.1.0.tgz",
      "integrity": "sha1-uULm1L3mUwBe9rcTYd74cn0GReA="
    },
    "type-detect": {
      "version": "4.0.8",
      "resolved": "https://registry.npmjs.org/type-detect/-/type-detect-4.0.8.tgz",
      "integrity": "sha512-0fr/mIH1dlO+x7TlcMy+bIDqKPsw/70tVyeHW787goQjhmqaZe10uwLujubK9q9Lg6Fiho1KUKDYz0Z7k7g5/g=="
    }
  }
}
