# THIS IS AN AUTOGENERATED FILE. DO NOT EDIT THIS FILE DIRECTLY.
# yarn lockfile v1


"@rgrannell/array@^9.4.0":
  version "9.4.0"
  resolved "https://registry.yarnpkg.com/@rgrannell/array/-/array-9.4.0.tgz#80818bf0b0110ddec71016b2eeb4e6a2251061c0"

"@rgrannell/chain@^9.4.0":
  version "9.4.0"
  resolved "https://registry.yarnpkg.com/@rgrannell/chain/-/chain-9.4.0.tgz#852cc81199cb7601311a818a217050f1d7025b86"
  dependencies:
    chai "^4.1.2"

"@rgrannell/fp@^9.4.0":
  version "9.4.0"
  resolved "https://registry.yarnpkg.com/@rgrannell/fp/-/fp-9.4.0.tgz#a24e298ac8d718ec4791b33f7e4a3ef26efe1221"

"@rgrannell/generator@^9.4.0":
  version "9.4.0"
  resolved "https://registry.yarnpkg.com/@rgrannell/generator/-/generator-9.4.0.tgz#0fd9536394f69e70cb3a292315c9ff33e7f371af"

"@rgrannell/object@^9.4.0":
  version "9.4.0"
  resolved "https://registry.yarnpkg.com/@rgrannell/object/-/object-9.4.0.tgz#99045be84a751a1a3483c6c4b1fdd0efdf4e0366"

assertion-error@^1.0.1:
  version "1.1.0"
  resolved "https://registry.yarnpkg.com/assertion-error/-/assertion-error-1.1.0.tgz#e60b6b0e8f301bd97e5375215bda406c85118c0b"

chai@^4.1.2:
  version "4.1.2"
  resolved "https://registry.yarnpkg.com/chai/-/chai-4.1.2.tgz#0f64584ba642f0f2ace2806279f4f06ca23ad73c"
  dependencies:
    assertion-error "^1.0.1"
    check-error "^1.0.1"
    deep-eql "^3.0.0"
    get-func-name "^2.0.0"
    pathval "^1.0.0"
    type-detect "^4.0.0"

check-error@^1.0.1:
  version "1.0.2"
  resolved "https://registry.yarnpkg.com/check-error/-/check-error-1.0.2.tgz#574d312edd88bb5dd8912e9286dd6c0aed4aac82"

deep-eql@^3.0.0:
  version "3.0.1"
  resolved "https://registry.yarnpkg.com/deep-eql/-/deep-eql-3.0.1.tgz#dfc9404400ad1c8fe023e7da1df1c147c4b444df"
  dependencies:
    type-detect "^4.0.0"

get-func-name@^2.0.0:
  version "2.0.0"
  resolved "https://registry.yarnpkg.com/get-func-name/-/get-func-name-2.0.0.tgz#ead774abee72e20409433a066366023dd6887a41"

pathval@^1.0.0:
  version "1.1.1"
  resolved "https://registry.yarnpkg.com/pathval/-/pathval-1.1.1.tgz#8534e77a77ce7ac5a2512ea21e0fdb8fcf6c3d8d"

type-detect@^4.0.0:
  version "4.0.8"
  resolved "https://registry.yarnpkg.com/type-detect/-/type-detect-4.0.8.tgz#7646fb5f18871cfbb7749e69bd39a6388eb7450c"
