{
  "name": "@rgrannell/config",
  "version": "6.15.0",
  "lockfileVersion": 1,
  "requires": true,
  "dependencies": {
    "deepmerge": {
      "version": "2.1.1",
      "resolved": "https://registry.npmjs.org/deepmerge/-/deepmerge-2.1.1.tgz",
      "integrity": "sha512-urQxA1smbLZ2cBbXbaYObM1dJ82aJ2H57A1C/Kklfh/ZN1bgH4G/n5KWhdNfOK11W98gqZfyYj7W4frJJRwA2w=="
    },
    "error-stack-parser": {
      "version": "2.0.2",
      "resolved": "https://registry.npmjs.org/error-stack-parser/-/error-stack-parser-2.0.2.tgz",
      "integrity": "sha512-E1fPutRDdIj/hohG0UpT5mayXNCxXP9d+snxFsPU9X0XgccOumKraa3juDMwTUyi7+Bu5+mCGagjg4IYeNbOdw==",
      "requires": {
        "stackframe": "^1.0.4"
      }
    },
    "find-package-json": {
      "version": "1.1.0",
      "resolved": "https://registry.npmjs.org/find-package-json/-/find-package-json-1.1.0.tgz",
      "integrity": "sha512-ldihxiIFpewACALK0tUByf3GmOaTBjI5OcvwJ3mExgERUZBsSOBV8QM6vVb0/ZqylpzY6Od6SsP8bjFv7fKiTw=="
    },
    "stackframe": {
      "version": "1.0.4",
      "resolved": "https://registry.npmjs.org/stackframe/-/stackframe-1.0.4.tgz",
      "integrity": "sha512-to7oADIniaYwS3MhtCa/sQhrxidCCQiF/qp4/m5iN3ipf0Y7Xlri0f6eG29r08aL7JYl8n32AF3Q5GYBZ7K8vw=="
    }
  }
}
